// !$*UTF8*$!
{
	archiveVersion = 1;
	classes = {
	};
	objectVersion = 55;
	objects = {

/* Begin PBXBuildFile section */
		9F490BCE28C58A3100F976FA /* AppDelegate.swift in Sources */ = {isa = PBXBuildFile; fileRef = 9F490BCD28C58A3100F976FA /* AppDelegate.swift */; };
		9F490BD028C58A3100F976FA /* SceneDelegate.swift in Sources */ = {isa = PBXBuildFile; fileRef = 9F490BCF28C58A3100F976FA /* SceneDelegate.swift */; };
		9F490BD228C58A3100F976FA /* MemberListController.swift in Sources */ = {isa = PBXBuildFile; fileRef = 9F490BD128C58A3100F976FA /* MemberListController.swift */; };
		9F490BD528C58A3100F976FA /* Main.storyboard in Resources */ = {isa = PBXBuildFile; fileRef = 9F490BD328C58A3100F976FA /* Main.storyboard */; };
		9F490BD728C58A3200F976FA /* Assets.xcassets in Resources */ = {isa = PBXBuildFile; fileRef = 9F490BD628C58A3200F976FA /* Assets.xcassets */; };
		9F490BDA28C58A3200F976FA /* LaunchScreen.storyboard in Resources */ = {isa = PBXBuildFile; fileRef = 9F490BD828C58A3200F976FA /* LaunchScreen.storyboard */; };
		9F490BE428C5996100F976FA /* CSVLoad.swift in Sources */ = {isa = PBXBuildFile; fileRef = 9F490BE228C5996100F976FA /* CSVLoad.swift */; };
		9F490BE528C5996100F976FA /* GngsMember.csv in Resources */ = {isa = PBXBuildFile; fileRef = 9F490BE328C5996100F976FA /* GngsMember.csv */; };
		9F490BE728C5997B00F976FA /* Member.swift in Sources */ = {isa = PBXBuildFile; fileRef = 9F490BE628C5997B00F976FA /* Member.swift */; };
		9F490BED28C5A66200F976FA /* JoinMemberController.swift in Sources */ = {isa = PBXBuildFile; fileRef = 9F490BEC28C5A66200F976FA /* JoinMemberController.swift */; };
		9F490BEF28C5B1A700F976FA /* TabBarController.swift in Sources */ = {isa = PBXBuildFile; fileRef = 9F490BEE28C5B1A700F976FA /* TabBarController.swift */; };
		9F490BF128C5D7B800F976FA /* DetailMemberView.swift in Sources */ = {isa = PBXBuildFile; fileRef = 9F490BF028C5D7B800F976FA /* DetailMemberView.swift */; };
		9F490BF628C5F9D300F976FA /* GngsWebsiteController.swift in Sources */ = {isa = PBXBuildFile; fileRef = 9F490BF528C5F9D300F976FA /* GngsWebsiteController.swift */; };
		9F490BFB28C8A42000F976FA /* TableCell.xib in Resources */ = {isa = PBXBuildFile; fileRef = 9F490BFA28C8A42000F976FA /* TableCell.xib */; };
		9F490BFD28C8A52E00F976FA /* TableCell.swift in Sources */ = {isa = PBXBuildFile; fileRef = 9F490BFC28C8A52E00F976FA /* TableCell.swift */; };
/* End PBXBuildFile section */

/* Begin PBXFileReference section */
		9F490BCA28C58A3100F976FA /* GngMember.app */ = {isa = PBXFileReference; explicitFileType = wrapper.application; includeInIndex = 0; path = GngMember.app; sourceTree = BUILT_PRODUCTS_DIR; };
		9F490BCD28C58A3100F976FA /* AppDelegate.swift */ = {isa = PBXFileReference; lastKnownFileType = sourcecode.swift; path = AppDelegate.swift; sourceTree = "<group>"; };
		9F490BCF28C58A3100F976FA /* SceneDelegate.swift */ = {isa = PBXFileReference; lastKnownFileType = sourcecode.swift; path = SceneDelegate.swift; sourceTree = "<group>"; };
		9F490BD128C58A3100F976FA /* MemberListController.swift */ = {isa = PBXFileReference; lastKnownFileType = sourcecode.swift; path = MemberListController.swift; sourceTree = "<group>"; };
		9F490BD428C58A3100F976FA /* Base */ = {isa = PBXFileReference; lastKnownFileType = file.storyboard; name = Base; path = Base.lproj/Main.storyboard; sourceTree = "<group>"; };
		9F490BD628C58A3200F976FA /* Assets.xcassets */ = {isa = PBXFileReference; lastKnownFileType = folder.assetcatalog; path = Assets.xcassets; sourceTree = "<group>"; };
		9F490BD928C58A3200F976FA /* Base */ = {isa = PBXFileReference; lastKnownFileType = file.storyboard; name = Base; path = Base.lproj/LaunchScreen.storyboard; sourceTree = "<group>"; };
		9F490BDB28C58A3200F976FA /* Info.plist */ = {isa = PBXFileReference; lastKnownFileType = text.plist.xml; path = Info.plist; sourceTree = "<group>"; };
		9F490BE228C5996100F976FA /* CSVLoad.swift */ = {isa = PBXFileReference; fileEncoding = 4; lastKnownFileType = sourcecode.swift; path = CSVLoad.swift; sourceTree = "<group>"; };
		9F490BE328C5996100F976FA /* GngsMember.csv */ = {isa = PBXFileReference; fileEncoding = 4; lastKnownFileType = text; path = GngsMember.csv; sourceTree = "<group>"; };
		9F490BE628C5997B00F976FA /* Member.swift */ = {isa = PBXFileReference; fileEncoding = 4; lastKnownFileType = sourcecode.swift; path = Member.swift; sourceTree = "<group>"; };
		9F490BEC28C5A66200F976FA /* JoinMemberController.swift */ = {isa = PBXFileReference; lastKnownFileType = sourcecode.swift; path = JoinMemberController.swift; sourceTree = "<group>"; };
		9F490BEE28C5B1A700F976FA /* TabBarController.swift */ = {isa = PBXFileReference; lastKnownFileType = sourcecode.swift; path = TabBarController.swift; sourceTree = "<group>"; };
		9F490BF028C5D7B800F976FA /* DetailMemberView.swift */ = {isa = PBXFileReference; lastKnownFileType = sourcecode.swift; path = DetailMemberView.swift; sourceTree = "<group>"; };
		9F490BF528C5F9D300F976FA /* GngsWebsiteController.swift */ = {isa = PBXFileReference; lastKnownFileType = sourcecode.swift; path = GngsWebsiteController.swift; sourceTree = "<group>"; };
		9F490BFA28C8A42000F976FA /* TableCell.xib */ = {isa = PBXFileReference; lastKnownFileType = file.xib; path = TableCell.xib; sourceTree = "<group>"; };
		9F490BFC28C8A52E00F976FA /* TableCell.swift */ = {isa = PBXFileReference; lastKnownFileType = sourcecode.swift; path = TableCell.swift; sourceTree = "<group>"; };
/* End PBXFileReference section */

/* Begin PBXFrameworksBuildPhase section */
		9F490BC728C58A3100F976FA /* Frameworks */ = {
			isa = PBXFrameworksBuildPhase;
			buildActionMask = 2147483647;
			files = (
			);
			runOnlyForDeploymentPostprocessing = 0;
		};
/* End PBXFrameworksBuildPhase section */

/* Begin PBXGroup section */
		9F490BC128C58A3100F976FA = {
			isa = PBXGroup;
			children = (
				9F490BCC28C58A3100F976FA /* GngMember */,
				9F490BCB28C58A3100F976FA /* Products */,
			);
			sourceTree = "<group>";
		};
		9F490BCB28C58A3100F976FA /* Products */ = {
			isa = PBXGroup;
			children = (
				9F490BCA28C58A3100F976FA /* GngMember.app */,
			);
			name = Products;
			sourceTree = "<group>";
		};
		9F490BCC28C58A3100F976FA /* GngMember */ = {
			isa = PBXGroup;
			children = (
				9F490BE928C599AD00F976FA /* Data */,
				9F490BCD28C58A3100F976FA /* AppDelegate.swift */,
				9F490BCF28C58A3100F976FA /* SceneDelegate.swift */,
				9F490BF228C5D7BE00F976FA /* ViewController */,
				9F490BE128C5993B00F976FA /* CSV */,
				9F490BD328C58A3100F976FA /* Main.storyboard */,
				9F490BD628C58A3200F976FA /* Assets.xcassets */,
				9F490BD828C58A3200F976FA /* LaunchScreen.storyboard */,
				9F490BDB28C58A3200F976FA /* Info.plist */,
			);
			path = GngMember;
			sourceTree = "<group>";
		};
		9F490BE128C5993B00F976FA /* CSV */ = {
			isa = PBXGroup;
			children = (
				9F490BE228C5996100F976FA /* CSVLoad.swift */,
				9F490BE328C5996100F976FA /* GngsMember.csv */,
			);
			path = CSV;
			sourceTree = "<group>";
		};
		9F490BE928C599AD00F976FA /* Data */ = {
			isa = PBXGroup;
			children = (
				9F490BE628C5997B00F976FA /* Member.swift */,
			);
			path = Data;
			sourceTree = "<group>";
		};
		9F490BF228C5D7BE00F976FA /* ViewController */ = {
			isa = PBXGroup;
			children = (
				9F490BF928C89F9F00F976FA /* TableView */,
				9F490BF028C5D7B800F976FA /* DetailMemberView.swift */,
				9F490BD128C58A3100F976FA /* MemberListController.swift */,
				9F490BEE28C5B1A700F976FA /* TabBarController.swift */,
				9F490BEC28C5A66200F976FA /* JoinMemberController.swift */,
				9F490BF528C5F9D300F976FA /* GngsWebsiteController.swift */,
			);
			path = ViewController;
			sourceTree = "<group>";
		};
		9F490BF928C89F9F00F976FA /* TableView */ = {
			isa = PBXGroup;
			children = (
				9F490BFA28C8A42000F976FA /* TableCell.xib */,
				9F490BFC28C8A52E00F976FA /* TableCell.swift */,
			);
			path = TableView;
			sourceTree = "<group>";
		};
/* End PBXGroup section */

/* Begin PBXNativeTarget section */
		9F490BC928C58A3100F976FA /* GngMember */ = {
			isa = PBXNativeTarget;
			buildConfigurationList = 9F490BDE28C58A3200F976FA /* Build configuration list for PBXNativeTarget "GngMember" */;
			buildPhases = (
				9F490BC628C58A3100F976FA /* Sources */,
				9F490BC728C58A3100F976FA /* Frameworks */,
				9F490BC828C58A3100F976FA /* Resources */,
			);
			buildRules = (
			);
			dependencies = (
			);
			name = GngMember;
			productName = GngMember;
			productReference = 9F490BCA28C58A3100F976FA /* GngMember.app */;
			productType = "com.apple.product-type.application";
		};
/* End PBXNativeTarget section */

/* Begin PBXProject section */
		9F490BC228C58A3100F976FA /* Project object */ = {
			isa = PBXProject;
			attributes = {
				BuildIndependentTargetsInParallel = 1;
				LastSwiftUpdateCheck = 1340;
				LastUpgradeCheck = 1340;
				TargetAttributes = {
					9F490BC928C58A3100F976FA = {
						CreatedOnToolsVersion = 13.4.1;
					};
				};
			};
			buildConfigurationList = 9F490BC528C58A3100F976FA /* Build configuration list for PBXProject "GngMember" */;
			compatibilityVersion = "Xcode 13.0";
			developmentRegion = en;
			hasScannedForEncodings = 0;
			knownRegions = (
				en,
				Base,
			);
			mainGroup = 9F490BC128C58A3100F976FA;
			productRefGroup = 9F490BCB28C58A3100F976FA /* Products */;
			projectDirPath = "";
			projectRoot = "";
			targets = (
				9F490BC928C58A3100F976FA /* GngMember */,
			);
		};
/* End PBXProject section */

/* Begin PBXResourcesBuildPhase section */
		9F490BC828C58A3100F976FA /* Resources */ = {
			isa = PBXResourcesBuildPhase;
			buildActionMask = 2147483647;
			files = (
				9F490BDA28C58A3200F976FA /* LaunchScreen.storyboard in Resources */,
				9F490BD728C58A3200F976FA /* Assets.xcassets in Resources */,
				9F490BFB28C8A42000F976FA /* TableCell.xib in Resources */,
				9F490BD528C58A3100F976FA /* Main.storyboard in Resources */,
				9F490BE528C5996100F976FA /* GngsMember.csv in Resources */,
			);
			runOnlyForDeploymentPostprocessing = 0;
		};
/* End PBXResourcesBuildPhase section */

/* Begin PBXSourcesBuildPhase section */
		9F490BC628C58A3100F976FA /* Sources */ = {
			isa = PBXSourcesBuildPhase;
			buildActionMask = 2147483647;
			files = (
				9F490BE428C5996100F976FA /* CSVLoad.swift in Sources */,
				9F490BD228C58A3100F976FA /* MemberListController.swift in Sources */,
				9F490BCE28C58A3100F976FA /* AppDelegate.swift in Sources */,
				9F490BD028C58A3100F976FA /* SceneDelegate.swift in Sources */,
				9F490BEF28C5B1A700F976FA /* TabBarController.swift in Sources */,
				9F490BE728C5997B00F976FA /* Member.swift in Sources */,
				9F490BF628C5F9D300F976FA /* GngsWebsiteController.swift in Sources */,
				9F490BFD28C8A52E00F976FA /* TableCell.swift in Sources */,
				9F490BED28C5A66200F976FA /* JoinMemberController.swift in Sources */,
				9F490BF128C5D7B800F976FA /* DetailMemberView.swift in Sources */,
			);
			runOnlyForDeploymentPostprocessing = 0;
		};
/* End PBXSourcesBuildPhase section */

/* Begin PBXVariantGroup section */
		9F490BD328C58A3100F976FA /* Main.storyboard */ = {
			isa = PBXVariantGroup;
			children = (
				9F490BD428C58A3100F976FA /* Base */,
			);
			name = Main.storyboard;
			sourceTree = "<group>";
		};
		9F490BD828C58A3200F976FA /* LaunchScreen.storyboard */ = {
			isa = PBXVariantGroup;
			children = (
				9F490BD928C58A3200F976FA /* Base */,
			);
			name = LaunchScreen.storyboard;
			sourceTree = "<group>";
		};
/* End PBXVariantGroup section */

/* Begin XCBuildConfiguration section */
		9F490BDC28C58A3200F976FA /* Debug */ = {
			isa = XCBuildConfiguration;
			buildSettings = {
				ALWAYS_SEARCH_USER_PATHS = NO;
				CLANG_ANALYZER_NONNULL = YES;
				CLANG_ANALYZER_NUMBER_OBJECT_CONVERSION = YES_AGGRESSIVE;
				CLANG_CXX_LANGUAGE_STANDARD = "gnu++17";
				CLANG_ENABLE_MODULES = YES;
				CLANG_ENABLE_OBJC_ARC = YES;
				CLANG_ENABLE_OBJC_WEAK = YES;
				CLANG_WARN_BLOCK_CAPTURE_AUTORELEASING = YES;
				CLANG_WARN_BOOL_CONVERSION = YES;
				CLANG_WARN_COMMA = YES;
				CLANG_WARN_CONSTANT_CONVERSION = YES;
				CLANG_WARN_DEPRECATED_OBJC_IMPLEMENTATIONS = YES;
				CLANG_WARN_DIRECT_OBJC_ISA_USAGE = YES_ERROR;
				CLANG_WARN_DOCUMENTATION_COMMENTS = YES;
				CLANG_WARN_EMPTY_BODY = YES;
				CLANG_WARN_ENUM_CONVERSION = YES;
				CLANG_WARN_INFINITE_RECURSION = YES;
				CLANG_WARN_INT_CONVERSION = YES;
				CLANG_WARN_NON_LITERAL_NULL_CONVERSION = YES;
				CLANG_WARN_OBJC_IMPLICIT_RETAIN_SELF = YES;
				CLANG_WARN_OBJC_LITERAL_CONVERSION = YES;
				CLANG_WARN_OBJC_ROOT_CLASS = YES_ERROR;
				CLANG_WARN_QUOTED_INCLUDE_IN_FRAMEWORK_HEADER = YES;
				CLANG_WARN_RANGE_LOOP_ANALYSIS = YES;
				CLANG_WARN_STRICT_PROTOTYPES = YES;
				CLANG_WARN_SUSPICIOUS_MOVE = YES;
				CLANG_WARN_UNGUARDED_AVAILABILITY = YES_AGGRESSIVE;
				CLANG_WARN_UNREACHABLE_CODE = YES;
				CLANG_WARN__DUPLICATE_METHOD_MATCH = YES;
				COPY_PHASE_STRIP = NO;
				DEBUG_INFORMATION_FORMAT = dwarf;
				ENABLE_STRICT_OBJC_MSGSEND = YES;
				ENABLE_TESTABILITY = YES;
				GCC_C_LANGUAGE_STANDARD = gnu11;
				GCC_DYNAMIC_NO_PIC = NO;
				GCC_NO_COMMON_BLOCKS = YES;
				GCC_OPTIMIZATION_LEVEL = 0;
				GCC_PREPROCESSOR_DEFINITIONS = (
					"DEBUG=1",
					"$(inherited)",
				);
				GCC_WARN_64_TO_32_BIT_CONVERSION = YES;
				GCC_WARN_ABOUT_RETURN_TYPE = YES_ERROR;
				GCC_WARN_UNDECLARED_SELECTOR = YES;
				GCC_WARN_UNINITIALIZED_AUTOS = YES_AGGRESSIVE;
				GCC_WARN_UNUSED_FUNCTION = YES;
				GCC_WARN_UNUSED_VARIABLE = YES;
				IPHONEOS_DEPLOYMENT_TARGET = 15.5;
				MTL_ENABLE_DEBUG_INFO = INCLUDE_SOURCE;
				MTL_FAST_MATH = YES;
				ONLY_ACTIVE_ARCH = YES;
				SDKROOT = iphoneos;
				SWIFT_ACTIVE_COMPILATION_CONDITIONS = DEBUG;
				SWIFT_OPTIMIZATION_LEVEL = "-Onone";
			};
			name = Debug;
		};
		9F490BDD28C58A3200F976FA /* Release */ = {
			isa = XCBuildConfiguration;
			buildSettings = {
				ALWAYS_SEARCH_USER_PATHS = NO;
				CLANG_ANALYZER_NONNULL = YES;
				CLANG_ANALYZER_NUMBER_OBJECT_CONVERSION = YES_AGGRESSIVE;
				CLANG_CXX_LANGUAGE_STANDARD = "gnu++17";
				CLANG_ENABLE_MODULES = YES;
				CLANG_ENABLE_OBJC_ARC = YES;
				CLANG_ENABLE_OBJC_WEAK = YES;
				CLANG_WARN_BLOCK_CAPTURE_AUTORELEASING = YES;
				CLANG_WARN_BOOL_CONVERSION = YES;
				CLANG_WARN_COMMA = YES;
				CLANG_WARN_CONSTANT_CONVERSION = YES;
				CLANG_WARN_DEPRECATED_OBJC_IMPLEMENTATIONS = YES;
				CLANG_WARN_DIRECT_OBJC_ISA_USAGE = YES_ERROR;
				CLANG_WARN_DOCUMENTATION_COMMENTS = YES;
				CLANG_WARN_EMPTY_BODY = YES;
				CLANG_WARN_ENUM_CONVERSION = YES;
				CLANG_WARN_INFINITE_RECURSION = YES;
				CLANG_WARN_INT_CONVERSION = YES;
				CLANG_WARN_NON_LITERAL_NULL_CONVERSION = YES;
				CLANG_WARN_OBJC_IMPLICIT_RETAIN_SELF = YES;
				CLANG_WARN_OBJC_LITERAL_CONVERSION = YES;
				CLANG_WARN_OBJC_ROOT_CLASS = YES_ERROR;
				CLANG_WARN_QUOTED_INCLUDE_IN_FRAMEWORK_HEADER = YES;
				CLANG_WARN_RANGE_LOOP_ANALYSIS = YES;
				CLANG_WARN_STRICT_PROTOTYPES = YES;
				CLANG_WARN_SUSPICIOUS_MOVE = YES;
				CLANG_WARN_UNGUARDED_AVAILABILITY = YES_AGGRESSIVE;
				CLANG_WARN_UNREACHABLE_CODE = YES;
				CLANG_WARN__DUPLICATE_METHOD_MATCH = YES;
				COPY_PHASE_STRIP = NO;
				DEBUG_INFORMATION_FORMAT = "dwarf-with-dsym";
				ENABLE_NS_ASSERTIONS = NO;
				ENABLE_STRICT_OBJC_MSGSEND = YES;
				GCC_C_LANGUAGE_STANDARD = gnu11;
				GCC_NO_COMMON_BLOCKS = YES;
				GCC_WARN_64_TO_32_BIT_CONVERSION = YES;
				GCC_WARN_ABOUT_RETURN_TYPE = YES_ERROR;
				GCC_WARN_UNDECLARED_SELECTOR = YES;
				GCC_WARN_UNINITIALIZED_AUTOS = YES_AGGRESSIVE;
				GCC_WARN_UNUSED_FUNCTION = YES;
				GCC_WARN_UNUSED_VARIABLE = YES;
				IPHONEOS_DEPLOYMENT_TARGET = 15.5;
				MTL_ENABLE_DEBUG_INFO = NO;
				MTL_FAST_MATH = YES;
				SDKROOT = iphoneos;
				SWIFT_COMPILATION_MODE = wholemodule;
				SWIFT_OPTIMIZATION_LEVEL = "-O";
				VALIDATE_PRODUCT = YES;
			};
			name = Release;
		};
		9F490BDF28C58A3200F976FA /* Debug */ = {
			isa = XCBuildConfiguration;
			buildSettings = {
				ASSETCATALOG_COMPILER_APPICON_NAME = AppIcon;
				ASSETCATALOG_COMPILER_GLOBAL_ACCENT_COLOR_NAME = AccentColor;
				CODE_SIGN_STYLE = Automatic;
				CURRENT_PROJECT_VERSION = 1;
				DEVELOPMENT_TEAM = N6ZS427PKR;
				GENERATE_INFOPLIST_FILE = YES;
				INFOPLIST_FILE = GngMember/Info.plist;
				INFOPLIST_KEY_UIApplicationSupportsIndirectInputEvents = YES;
				INFOPLIST_KEY_UILaunchStoryboardName = LaunchScreen;
				INFOPLIST_KEY_UIMainStoryboardFile = Main;
				INFOPLIST_KEY_UISupportedInterfaceOrientations_iPad = "UIInterfaceOrientationPortrait UIInterfaceOrientationPortraitUpsideDown UIInterfaceOrientationLandscapeLeft UIInterfaceOrientationLandscapeRight";
				INFOPLIST_KEY_UISupportedInterfaceOrientations_iPhone = "UIInterfaceOrientationPortrait UIInterfaceOrientationLandscapeLeft UIInterfaceOrientationLandscapeRight";
				LD_RUNPATH_SEARCH_PATHS = (
					"$(inherited)",
					"@executable_path/Frameworks",
				);
				MARKETING_VERSION = 1.0;
				PRODUCT_BUNDLE_IDENTIFIER = com.psy.GngMember;
				PRODUCT_NAME = "$(TARGET_NAME)";
				SWIFT_EMIT_LOC_STRINGS = YES;
				SWIFT_VERSION = 5.0;
				TARGETED_DEVICE_FAMILY = "1,2";
			};
			name = Debug;
		};
		9F490BE028C58A3200F976FA /* Release */ = {
			isa = XCBuildConfiguration;
			buildSettings = {
				ASSETCATALOG_COMPILER_APPICON_NAME = AppIcon;
				ASSETCATALOG_COMPILER_GLOBAL_ACCENT_COLOR_NAME = AccentColor;
				CODE_SIGN_STYLE = Automatic;
				CURRENT_PROJECT_VERSION = 1;
				DEVELOPMENT_TEAM = N6ZS427PKR;
				GENERATE_INFOPLIST_FILE = YES;
				INFOPLIST_FILE = GngMember/Info.plist;
				INFOPLIST_KEY_UIApplicationSupportsIndirectInputEvents = YES;
				INFOPLIST_KEY_UILaunchStoryboardName = LaunchScreen;
				INFOPLIST_KEY_UIMainStoryboardFile = Main;
				INFOPLIST_KEY_UISupportedInterfaceOrientations_iPad = "UIInterfaceOrientationPortrait UIInterfaceOrientationPortraitUpsideDown UIInterfaceOrientationLandscapeLeft UIInterfaceOrientationLandscapeRight";
				INFOPLIST_KEY_UISupportedInterfaceOrientations_iPhone = "UIInterfaceOrientationPortrait UIInterfaceOrientationLandscapeLeft UIInterfaceOrientationLandscapeRight";
				LD_RUNPATH_SEARCH_PATHS = (
					"$(inherited)",
					"@executable_path/Frameworks",
				);
				MARKETING_VERSION = 1.0;
				PRODUCT_BUNDLE_IDENTIFIER = com.psy.GngMember;
				PRODUCT_NAME = "$(TARGET_NAME)";
				SWIFT_EMIT_LOC_STRINGS = YES;
				SWIFT_VERSION = 5.0;
				TARGETED_DEVICE_FAMILY = "1,2";
			};
			name = Release;
		};
/* End XCBuildConfiguration section */

/* Begin XCConfigurationList section */
		9F490BC528C58A3100F976FA /* Build configuration list for PBXProject "GngMember" */ = {
			isa = XCConfigurationList;
			buildConfigurations = (
				9F490BDC28C58A3200F976FA /* Debug */,
				9F490BDD28C58A3200F976FA /* Release */,
			);
			defaultConfigurationIsVisible = 0;
			defaultConfigurationName = Release;
		};
		9F490BDE28C58A3200F976FA /* Build configuration list for PBXNativeTarget "GngMember" */ = {
			isa = XCConfigurationList;
			buildConfigurations = (
				9F490BDF28C58A3200F976FA /* Debug */,
				9F490BE028C58A3200F976FA /* Release */,
			);
			defaultConfigurationIsVisible = 0;
			defaultConfigurationName = Release;
		};
/* End XCConfigurationList section */
	};
	rootObject = 9F490BC228C58A3100F976FA /* Project object */;
}
